{
  "version": 4,
  "terraform_version": "1.12.2",
  "serial": 214,
  "lineage": "f421a3c0-f915-e098-403a-0a39d8b0ac45",
  "outputs": {},
  "resources": [
    {
      "mode": "data",
      "type": "aws_security_group",
      "name": "app_sg",
      "provider": "provider[\"registry.terraform.io/hashicorp/aws\"]",
      "instances": [
        {
          "schema_version": 0,
          "attributes": {
            "arn": "arn:aws:ec2:ap-south-1:650782130988:security-group/sg-0e625fad1fff677f4",
            "description": "Allow access from bastion-sg",
            "filter": [
              {
                "name": "group-name",
                "values": [
                  "app-sg"
                ]
              },
              {
                "name": "vpc-id",
                "values": [
                  "vpc-0846b8e0e8c7a397f"
                ]
              }
            ],
            "id": "sg-0e625fad1fff677f4",
            "name": "app-sg",
            "tags": {
              "Name": "app"
            },
            "timeouts": null,
            "vpc_id": "vpc-0846b8e0e8c7a397f"
          },
          "sensitive_attributes": [],
          "identity_schema_version": 0
        }
      ]
    },
    {
      "mode": "data",
      "type": "aws_security_group",
      "name": "bastion_sg",
      "provider": "provider[\"registry.terraform.io/hashicorp/aws\"]",
      "instances": [
        {
          "schema_version": 0,
          "attributes": {
            "arn": "arn:aws:ec2:ap-south-1:650782130988:security-group/sg-0140cd3ea5c266b73",
            "description": "Allow SSH and RDP from anywhere",
            "filter": [
              {
                "name": "group-name",
                "values": [
                  "bastion-sg"
                ]
              },
              {
                "name": "vpc-id",
                "values": [
                  "vpc-0846b8e0e8c7a397f"
                ]
              }
            ],
            "id": "sg-0140cd3ea5c266b73",
            "name": "bastion-sg",
            "tags": {
              "Name": "bastion"
            },
            "timeouts": null,
            "vpc_id": "vpc-0846b8e0e8c7a397f"
          },
          "sensitive_attributes": [],
          "identity_schema_version": 0
        }
      ]
    },
    {
      "mode": "data",
      "type": "aws_subnet",
      "name": "app_subnet_1",
      "provider": "provider[\"registry.terraform.io/hashicorp/aws\"]",
      "instances": [
        {
          "schema_version": 0,
          "attributes": {
            "arn": "arn:aws:ec2:ap-south-1:650782130988:subnet/subnet-0388a44bf30a58647",
            "assign_ipv6_address_on_creation": false,
            "availability_zone": "ap-south-1a",
            "availability_zone_id": "aps1-az1",
            "available_ip_address_count": 59,
            "cidr_block": "10.0.0.128/26",
            "customer_owned_ipv4_pool": "",
            "default_for_az": false,
            "enable_dns64": false,
            "enable_lni_at_device_index": 0,
            "enable_resource_name_dns_a_record_on_launch": false,
            "enable_resource_name_dns_aaaa_record_on_launch": false,
            "filter": [
              {
                "name": "cidr-block",
                "values": [
                  "10.0.0.128/26"
                ]
              },
              {
                "name": "vpc-id",
                "values": [
                  "vpc-0846b8e0e8c7a397f"
                ]
              }
            ],
            "id": "subnet-0388a44bf30a58647",
            "ipv6_cidr_block": "",
            "ipv6_cidr_block_association_id": "",
            "ipv6_native": false,
            "map_customer_owned_ip_on_launch": false,
            "map_public_ip_on_launch": false,
            "outpost_arn": "",
            "owner_id": "650782130988",
            "private_dns_hostname_type_on_launch": "ip-name",
            "state": "available",
            "tags": {
              "Env": "dev",
              "Name": "tf-private-1",
              "Owner": "mohan"
            },
            "timeouts": null,
            "vpc_id": "vpc-0846b8e0e8c7a397f"
          },
          "sensitive_attributes": [],
          "identity_schema_version": 0
        }
      ]
    },
    {
      "mode": "data",
      "type": "aws_subnet",
      "name": "app_subnet_2",
      "provider": "provider[\"registry.terraform.io/hashicorp/aws\"]",
      "instances": [
        {
          "schema_version": 0,
          "attributes": {
            "arn": "arn:aws:ec2:ap-south-1:650782130988:subnet/subnet-06853c3ad345787f8",
            "assign_ipv6_address_on_creation": false,
            "availability_zone": "ap-south-1b",
            "availability_zone_id": "aps1-az3",
            "available_ip_address_count": 59,
            "cidr_block": "10.0.0.192/26",
            "customer_owned_ipv4_pool": "",
            "default_for_az": false,
            "enable_dns64": false,
            "enable_lni_at_device_index": 0,
            "enable_resource_name_dns_a_record_on_launch": false,
            "enable_resource_name_dns_aaaa_record_on_launch": false,
            "filter": [
              {
                "name": "cidr-block",
                "values": [
                  "10.0.0.192/26"
                ]
              },
              {
                "name": "vpc-id",
                "values": [
                  "vpc-0846b8e0e8c7a397f"
                ]
              }
            ],
            "id": "subnet-06853c3ad345787f8",
            "ipv6_cidr_block": "",
            "ipv6_cidr_block_association_id": "",
            "ipv6_native": false,
            "map_customer_owned_ip_on_launch": false,
            "map_public_ip_on_launch": false,
            "outpost_arn": "",
            "owner_id": "650782130988",
            "private_dns_hostname_type_on_launch": "ip-name",
            "state": "available",
            "tags": {
              "Env": "dev",
              "Name": "tf-private-2",
              "Owner": "mohan"
            },
            "timeouts": null,
            "vpc_id": "vpc-0846b8e0e8c7a397f"
          },
          "sensitive_attributes": [],
          "identity_schema_version": 0
        }
      ]
    },
    {
      "mode": "data",
      "type": "aws_subnet",
      "name": "bastion_subnet",
      "provider": "provider[\"registry.terraform.io/hashicorp/aws\"]",
      "instances": [
        {
          "schema_version": 0,
          "attributes": {
            "arn": "arn:aws:ec2:ap-south-1:650782130988:subnet/subnet-0ea4216b5c3e5ec92",
            "assign_ipv6_address_on_creation": false,
            "availability_zone": "ap-south-1a",
            "availability_zone_id": "aps1-az1",
            "available_ip_address_count": 58,
            "cidr_block": "10.0.0.0/26",
            "customer_owned_ipv4_pool": "",
            "default_for_az": false,
            "enable_dns64": false,
            "enable_lni_at_device_index": 0,
            "enable_resource_name_dns_a_record_on_launch": false,
            "enable_resource_name_dns_aaaa_record_on_launch": false,
            "filter": [
              {
                "name": "cidr-block",
                "values": [
                  "10.0.0.0/26"
                ]
              },
              {
                "name": "vpc-id",
                "values": [
                  "vpc-0846b8e0e8c7a397f"
                ]
              }
            ],
            "id": "subnet-0ea4216b5c3e5ec92",
            "ipv6_cidr_block": "",
            "ipv6_cidr_block_association_id": "",
            "ipv6_native": false,
            "map_customer_owned_ip_on_launch": false,
            "map_public_ip_on_launch": true,
            "outpost_arn": "",
            "owner_id": "650782130988",
            "private_dns_hostname_type_on_launch": "ip-name",
            "state": "available",
            "tags": {
              "Env": "dev",
              "Name": "tf-public-1",
              "Owner": "mohan"
            },
            "timeouts": null,
            "vpc_id": "vpc-0846b8e0e8c7a397f"
          },
          "sensitive_attributes": [],
          "identity_schema_version": 0
        }
      ]
    },
    {
      "mode": "data",
      "type": "aws_vpc",
      "name": "selected",
      "provider": "provider[\"registry.terraform.io/hashicorp/aws\"]",
      "instances": [
        {
          "schema_version": 0,
          "attributes": {
            "arn": "arn:aws:ec2:ap-south-1:650782130988:vpc/vpc-0846b8e0e8c7a397f",
            "cidr_block": "10.0.0.0/24",
            "cidr_block_associations": [
              {
                "association_id": "vpc-cidr-assoc-027a27ac80b152ece",
                "cidr_block": "10.0.0.0/24",
                "state": "associated"
              }
            ],
            "default": false,
            "dhcp_options_id": "dopt-05faf2dcf89c161bb",
            "enable_dns_hostnames": true,
            "enable_dns_support": true,
            "enable_network_address_usage_metrics": false,
            "filter": [
              {
                "name": "cidr-block",
                "values": [
                  "10.0.0.0/24"
                ]
              }
            ],
            "id": "vpc-0846b8e0e8c7a397f",
            "instance_tenancy": "default",
            "ipv6_association_id": "",
            "ipv6_cidr_block": "",
            "main_route_table_id": "rtb-0fbe98a6f8bb9d244",
            "owner_id": "650782130988",
            "state": null,
            "tags": {
              "Env": "dev",
              "Name": "tf-vpc-main",
              "Owner": "mohan"
            },
            "timeouts": null
          },
          "sensitive_attributes": [],
          "identity_schema_version": 0
        }
      ]
    },
    {
      "mode": "managed",
      "type": "aws_instance",
      "name": "app_server_1",
      "provider": "provider[\"registry.terraform.io/hashicorp/aws\"]",
      "instances": [
        {
          "schema_version": 1,
          "attributes": {
            "ami": "ami-07378eee6a8e82f97",
            "arn": "arn:aws:ec2:ap-south-1:650782130988:instance/i-06bac787899430ea7",
            "associate_public_ip_address": false,
            "availability_zone": "ap-south-1a",
            "capacity_reservation_specification": [
              {
                "capacity_reservation_preference": "open",
                "capacity_reservation_target": []
              }
            ],
            "cpu_core_count": 1,
            "cpu_options": [
              {
                "amd_sev_snp": "",
                "core_count": 1,
                "threads_per_core": 1
              }
            ],
            "cpu_threads_per_core": 1,
            "credit_specification": [
              {
                "cpu_credits": "standard"
              }
            ],
            "disable_api_stop": false,
            "disable_api_termination": false,
            "ebs_block_device": [],
            "ebs_optimized": false,
            "enclave_options": [
              {
                "enabled": false
              }
            ],
            "ephemeral_block_device": [],
            "get_password_data": false,
            "hibernation": false,
            "host_id": "",
            "host_resource_group_arn": null,
            "iam_instance_profile": "",
            "id": "i-06bac787899430ea7",
            "instance_initiated_shutdown_behavior": "stop",
            "instance_state": "running",
            "instance_type": "t2.micro",
            "ipv6_address_count": 0,
            "ipv6_addresses": [],
            "key_name": "mumbai",
            "launch_template": [],
            "maintenance_options": [
              {
                "auto_recovery": "default"
              }
            ],
            "metadata_options": [
              {
                "http_endpoint": "enabled",
                "http_put_response_hop_limit": 1,
                "http_tokens": "optional",
                "instance_metadata_tags": "disabled"
              }
            ],
            "monitoring": false,
            "network_interface": [],
            "outpost_arn": "",
            "password_data": "",
            "placement_group": "",
            "placement_partition_number": 0,
            "primary_network_interface_id": "eni-0f691ff8c7544242b",
            "private_dns": "ip-10-0-0-151.ap-south-1.compute.internal",
            "private_dns_name_options": [
              {
                "enable_resource_name_dns_a_record": false,
                "enable_resource_name_dns_aaaa_record": false,
                "hostname_type": "ip-name"
              }
            ],
            "private_ip": "10.0.0.151",
            "public_dns": "",
            "public_ip": "",
            "root_block_device": [
              {
                "delete_on_termination": true,
                "device_name": "/dev/sda1",
                "encrypted": false,
                "iops": 3000,
                "kms_key_id": "",
                "tags": {},
                "throughput": 125,
                "volume_id": "vol-0d15ba23a712966a2",
                "volume_size": 10,
                "volume_type": "gp3"
              }
            ],
            "secondary_private_ips": [],
            "security_groups": [],
            "source_dest_check": true,
            "subnet_id": "subnet-0388a44bf30a58647",
            "tags": {
              "Name": "app-server-1"
            },
            "tags_all": {
              "Name": "app-server-1"
            },
            "tenancy": "default",
            "timeouts": null,
            "user_data": "83b1a6132d90c369e0c9be43cd87b6c7ddaa99a6",
            "user_data_base64": null,
            "user_data_replace_on_change": false,
            "volume_tags": null,
            "vpc_security_group_ids": [
              "sg-0e625fad1fff677f4"
            ]
          },
          "sensitive_attributes": [],
          "identity_schema_version": 0,
          "private": "eyJlMmJmYjczMC1lY2FhLTExZTYtOGY4OC0zNDM2M2JjN2M0YzAiOnsiY3JlYXRlIjo2MDAwMDAwMDAwMDAsImRlbGV0ZSI6MTIwMDAwMDAwMDAwMCwidXBkYXRlIjo2MDAwMDAwMDAwMDB9LCJzY2hlbWFfdmVyc2lvbiI6IjEifQ==",
          "dependencies": [
            "data.aws_security_group.app_sg",
            "data.aws_subnet.app_subnet_1",
            "data.aws_vpc.selected"
          ]
        }
      ]
    },
    {
      "mode": "managed",
      "type": "aws_instance",
      "name": "app_server_2",
      "provider": "provider[\"registry.terraform.io/hashicorp/aws\"]",
      "instances": [
        {
          "schema_version": 1,
          "attributes": {
            "ami": "ami-07378eee6a8e82f97",
            "arn": "arn:aws:ec2:ap-south-1:650782130988:instance/i-092ca915f1b0e8f25",
            "associate_public_ip_address": false,
            "availability_zone": "ap-south-1b",
            "capacity_reservation_specification": [
              {
                "capacity_reservation_preference": "open",
                "capacity_reservation_target": []
              }
            ],
            "cpu_core_count": 1,
            "cpu_options": [
              {
                "amd_sev_snp": "",
                "core_count": 1,
                "threads_per_core": 1
              }
            ],
            "cpu_threads_per_core": 1,
            "credit_specification": [
              {
                "cpu_credits": "standard"
              }
            ],
            "disable_api_stop": false,
            "disable_api_termination": false,
            "ebs_block_device": [],
            "ebs_optimized": false,
            "enclave_options": [
              {
                "enabled": false
              }
            ],
            "ephemeral_block_device": [],
            "get_password_data": false,
            "hibernation": false,
            "host_id": "",
            "host_resource_group_arn": null,
            "iam_instance_profile": "",
            "id": "i-092ca915f1b0e8f25",
            "instance_initiated_shutdown_behavior": "stop",
            "instance_state": "running",
            "instance_type": "t2.micro",
            "ipv6_address_count": 0,
            "ipv6_addresses": [],
            "key_name": "mumbai",
            "launch_template": [],
            "maintenance_options": [
              {
                "auto_recovery": "default"
              }
            ],
            "metadata_options": [
              {
                "http_endpoint": "enabled",
                "http_put_response_hop_limit": 1,
                "http_tokens": "optional",
                "instance_metadata_tags": "disabled"
              }
            ],
            "monitoring": false,
            "network_interface": [],
            "outpost_arn": "",
            "password_data": "",
            "placement_group": "",
            "placement_partition_number": 0,
            "primary_network_interface_id": "eni-0dc0beca685932a0e",
            "private_dns": "ip-10-0-0-208.ap-south-1.compute.internal",
            "private_dns_name_options": [
              {
                "enable_resource_name_dns_a_record": false,
                "enable_resource_name_dns_aaaa_record": false,
                "hostname_type": "ip-name"
              }
            ],
            "private_ip": "10.0.0.208",
            "public_dns": "",
            "public_ip": "",
            "root_block_device": [
              {
                "delete_on_termination": true,
                "device_name": "/dev/sda1",
                "encrypted": false,
                "iops": 3000,
                "kms_key_id": "",
                "tags": {},
                "throughput": 125,
                "volume_id": "vol-0a2a1d1df9f484379",
                "volume_size": 10,
                "volume_type": "gp3"
              }
            ],
            "secondary_private_ips": [],
            "security_groups": [],
            "source_dest_check": true,
            "subnet_id": "subnet-06853c3ad345787f8",
            "tags": {
              "Name": "app-server-2"
            },
            "tags_all": {
              "Name": "app-server-2"
            },
            "tenancy": "default",
            "timeouts": null,
            "user_data": "8b970705c1ff46cfca17a74a581fc08379d10315",
            "user_data_base64": null,
            "user_data_replace_on_change": false,
            "volume_tags": null,
            "vpc_security_group_ids": [
              "sg-0e625fad1fff677f4"
            ]
          },
          "sensitive_attributes": [],
          "identity_schema_version": 0,
          "private": "eyJlMmJmYjczMC1lY2FhLTExZTYtOGY4OC0zNDM2M2JjN2M0YzAiOnsiY3JlYXRlIjo2MDAwMDAwMDAwMDAsImRlbGV0ZSI6MTIwMDAwMDAwMDAwMCwidXBkYXRlIjo2MDAwMDAwMDAwMDB9LCJzY2hlbWFfdmVyc2lvbiI6IjEifQ==",
          "dependencies": [
            "data.aws_security_group.app_sg",
            "data.aws_subnet.app_subnet_2",
            "data.aws_vpc.selected"
          ]
        }
      ]
    },
    {
      "mode": "managed",
      "type": "aws_instance",
      "name": "bastion",
      "provider": "provider[\"registry.terraform.io/hashicorp/aws\"]",
      "instances": [
        {
          "schema_version": 1,
          "attributes": {
            "ami": "ami-05b85154f69f6bcb3",
            "arn": "arn:aws:ec2:ap-south-1:650782130988:instance/i-06fccbc78e40d7a9e",
            "associate_public_ip_address": true,
            "availability_zone": "ap-south-1a",
            "capacity_reservation_specification": [
              {
                "capacity_reservation_preference": "open",
                "capacity_reservation_target": []
              }
            ],
            "cpu_core_count": 1,
            "cpu_options": [
              {
                "amd_sev_snp": "",
                "core_count": 1,
                "threads_per_core": 2
              }
            ],
            "cpu_threads_per_core": 2,
            "credit_specification": [
              {
                "cpu_credits": "unlimited"
              }
            ],
            "disable_api_stop": false,
            "disable_api_termination": false,
            "ebs_block_device": [],
            "ebs_optimized": false,
            "enclave_options": [
              {
                "enabled": false
              }
            ],
            "ephemeral_block_device": [],
            "get_password_data": false,
            "hibernation": false,
            "host_id": "",
            "host_resource_group_arn": null,
            "iam_instance_profile": "",
            "id": "i-06fccbc78e40d7a9e",
            "instance_initiated_shutdown_behavior": "stop",
            "instance_state": "running",
            "instance_type": "t3.small",
            "ipv6_address_count": 0,
            "ipv6_addresses": [],
            "key_name": "mumbai",
            "launch_template": [],
            "maintenance_options": [
              {
                "auto_recovery": "default"
              }
            ],
            "metadata_options": [
              {
                "http_endpoint": "enabled",
                "http_put_response_hop_limit": 2,
                "http_tokens": "required",
                "instance_metadata_tags": "disabled"
              }
            ],
            "monitoring": false,
            "network_interface": [],
            "outpost_arn": "",
            "password_data": "",
            "placement_group": "",
            "placement_partition_number": 0,
            "primary_network_interface_id": "eni-017b9a0f69afe04b9",
            "private_dns": "ip-10-0-0-34.ap-south-1.compute.internal",
            "private_dns_name_options": [
              {
                "enable_resource_name_dns_a_record": false,
                "enable_resource_name_dns_aaaa_record": false,
                "hostname_type": "ip-name"
              }
            ],
            "private_ip": "10.0.0.34",
            "public_dns": "ec2-65-2-175-105.ap-south-1.compute.amazonaws.com",
            "public_ip": "65.2.175.105",
            "root_block_device": [
              {
                "delete_on_termination": true,
                "device_name": "/dev/sda1",
                "encrypted": false,
                "iops": 3000,
                "kms_key_id": "",
                "tags": {},
                "throughput": 125,
                "volume_id": "vol-0d6555569165e0432",
                "volume_size": 30,
                "volume_type": "gp3"
              }
            ],
            "secondary_private_ips": [],
            "security_groups": [],
            "source_dest_check": true,
            "subnet_id": "subnet-0ea4216b5c3e5ec92",
            "tags": {
              "Name": "bastion"
            },
            "tags_all": {
              "Name": "bastion"
            },
            "tenancy": "default",
            "timeouts": null,
            "user_data": "66d8f10216142f2fde3d88726c9ed537117c494e",
            "user_data_base64": null,
            "user_data_replace_on_change": false,
            "volume_tags": null,
            "vpc_security_group_ids": [
              "sg-0140cd3ea5c266b73"
            ]
          },
          "sensitive_attributes": [],
          "identity_schema_version": 0,
          "private": "eyJlMmJmYjczMC1lY2FhLTExZTYtOGY4OC0zNDM2M2JjN2M0YzAiOnsiY3JlYXRlIjo2MDAwMDAwMDAwMDAsImRlbGV0ZSI6MTIwMDAwMDAwMDAwMCwidXBkYXRlIjo2MDAwMDAwMDAwMDB9LCJzY2hlbWFfdmVyc2lvbiI6IjEifQ==",
          "dependencies": [
            "data.aws_security_group.bastion_sg",
            "data.aws_subnet.bastion_subnet",
            "data.aws_vpc.selected"
          ]
        }
      ]
    }
  ],
  "check_results": null
}
